# This file is autogenerated, do not edit; changes may be undone by the next 'dep ensure'.


[[projects]]
  name = "github.com/HomesNZ/data-import"
  packages = ["util"]
  revision = "aba775338a34d0b48596c2d384b6d188901f0712"

[[projects]]
  branch = "release-branch.v5"
  name = "github.com/HomesNZ/elastic"
  packages = [
    ".",
    "config",
    "uritemplates"
  ]
  revision = "f1451472d8390eb5c81763f08cb1549b96204917"

[[projects]]
  name = "github.com/Sirupsen/logrus"
  packages = ["."]
  revision = "89742aefa4b206dcf400792f3bd35b542998eb3b"

[[projects]]
  name = "github.com/aws/aws-sdk-go"
  packages = [
    "aws",
    "aws/awserr",
    "aws/awsutil",
    "aws/client",
    "aws/client/metadata",
    "aws/corehandlers",
    "aws/credentials",
    "aws/credentials/ec2rolecreds",
    "aws/credentials/endpointcreds",
    "aws/credentials/stscreds",
    "aws/defaults",
    "aws/ec2metadata",
    "aws/endpoints",
    "aws/request",
    "aws/session",
    "aws/signer/v4",
    "private/protocol",
    "private/protocol/json/jsonutil",
    "private/protocol/jsonrpc",
    "private/protocol/query",
    "private/protocol/query/queryutil",
    "private/protocol/rest",
    "private/protocol/xml/xmlutil",
    "service/dynamodb",
    "service/ses",
    "service/sns",
    "service/sts"
  ]
  revision = "baba9e786eae5ba978f2007f8e718557b29157c8"

[[projects]]
  name = "github.com/bugsnag/bugsnag-go"
  packages = [
    ".",
    "errors"
  ]
  revision = "3303ca0e0e2a90d1053d0ccead264c22de27f475"

[[projects]]
  branch = "master"
  name = "github.com/bugsnag/osext"
  packages = ["."]
  revision = "0dd3f918b21bec95ace9dc86c7e70266cfc5c702"

[[projects]]
  name = "github.com/bugsnag/panicwrap"
  packages = ["."]
  revision = "d6191e27ad06236eaad65d79e49a08b03b9f8029"

[[projects]]
  name = "github.com/cenkalti/backoff"
  packages = ["."]
  revision = "cdf48bbc1eb78d1349cbda326a4a037f7ba565c6"

[[projects]]
  name = "github.com/garyburd/redigo"
  packages = [
    "internal",
    "redis"
  ]
  revision = "9d4db5d1dbeff473d50e1bb82f5405c8cca0f0ac"

[[projects]]
  name = "github.com/go-ini/ini"
  packages = ["."]
  revision = "afbd495e5aaea13597b5e14fe514ddeaa4d76fc3"
  version = "v1.8.6"

[[projects]]
  name = "github.com/goamz/goamz"
  packages = [
    "aws",
    "sqs"
  ]
  revision = "b2c2eaf25cbb87f41087aa796facf82113809ed5"

[[projects]]
  name = "github.com/gorilla/context"
  packages = ["."]
  revision = "1ea25387ff6f684839d82767c1733ff4d4d15d0a"
  version = "v1.1"

[[projects]]
  name = "github.com/gorilla/mux"
  packages = ["."]
  revision = "2d5fef06b891c971b14aa6f71ca5ab6c03a36e0e"

[[projects]]
  name = "github.com/guregu/dynamo"
  packages = [
    ".",
    "internal/exprs"
  ]
  revision = "bc4b7d486595bb111de3cea80827c4c39fd0edb1"

[[projects]]
  name = "github.com/jinzhu/gorm"
  packages = ["."]
  revision = "2530dcbccd9c9ff7ce5a903e01bbf8601b726112"

[[projects]]
  name = "github.com/jinzhu/inflection"
  packages = ["."]
  revision = "3272df6c21d04180007eb3349844c89a3856bc25"

[[projects]]
  name = "github.com/jmespath/go-jmespath"
  packages = ["."]
  revision = "c01cf91b011868172fdcd9f41838e80c9d716264"

[[projects]]
  name = "github.com/joho/godotenv"
  packages = ["."]
  revision = "443e926da0d793d3b3f32118b1e4ba52ada26503"

[[projects]]
  name = "github.com/lib/pq"
  packages = [
    ".",
    "oid"
  ]
  revision = "8abfc3eeb742e153b764d3b75a2c7b9e3b34520b"

[[projects]]
  name = "github.com/newrelic/go-agent"
  packages = [
    ".",
    "internal",
    "internal/jsonx",
    "internal/logger",
    "internal/sysinfo",
    "internal/utilization"
  ]
  revision = "462a146a1270954750aac98c5b3e83dec6a9adfd"
  version = "v1.10.0"

[[projects]]
  name = "github.com/nicday/go-cloudinary"
  packages = ["."]
  revision = "cad4d25534aa10989073d97d9c90810bc9e06702"

[[projects]]
  name = "github.com/onsi/ginkgo"
  packages = [
    ".",
    "config",
    "extensions/table",
    "internal/codelocation",
    "internal/containernode",
    "internal/failer",
    "internal/leafnodes",
    "internal/remote",
    "internal/spec",
    "internal/specrunner",
    "internal/suite",
    "internal/testingtproxy",
    "internal/writer",
    "reporters",
    "reporters/stenographer",
    "types"
  ]
  revision = "07d85e6b10c4289c7d612f9b13f45ba36f66d55b"

[[projects]]
  name = "github.com/onsi/gomega"
  packages = [
    ".",
    "format",
    "internal/assertion",
    "internal/asyncassertion",
    "internal/oraclematcher",
    "internal/testingtsupport",
    "matchers",
    "matchers/support/goraph/bipartitegraph",
    "matchers/support/goraph/edge",
    "matchers/support/goraph/node",
    "matchers/support/goraph/util",
    "types"
  ]
  revision = "c72df929b80ef4930aaa75d5e486887ff2f3e06a"

[[projects]]
  name = "github.com/pkg/errors"
  packages = ["."]
  revision = "c605e284fe17294bda444b34710735b29d1a9d90"

[[projects]]
  name = "github.com/rafaeljusto/redigomock"
  packages = ["."]
  revision = "4e848f835b81c67264868400e9b5cde3038e9d14"

[[projects]]
  name = "github.com/smartystreets/go-aws-auth"
  packages = ["."]
  revision = "2043e6d0bb7e4c18464a7bba562acbe482e3cabd"

[[projects]]
  branch = "master"
  name = "github.com/vaughan0/go-ini"
  packages = ["."]
  revision = "a98ad7ee00ec53921f08832bc06ecf7fd600e6a1"

[[projects]]
  name = "golang.org/x/crypto"
  packages = ["ssh/terminal"]
  revision = "83f1503f771a82af8a31f358eb825e9efb5dae6c"

[[projects]]
  name = "golang.org/x/sys"
  packages = ["unix"]
  revision = "324e1375807370c3934e14f3a97e7d160832f6b4"

[[projects]]
  name = "gopkg.in/guregu/null.v3"
  packages = ["."]
  revision = "41961cea0328defc5f95c1c473f89ebf0d1813f6"
  version = "v3.1"

[[projects]]
  name = "gopkg.in/mgo.v2"
  packages = [
    ".",
    "bson",
    "internal/sasl",
    "internal/scram"
  ]
  revision = "03c9f3ee4c14c8e51ee521a6a7d0425658dd6f64"

[[projects]]
  name = "gopkg.in/redsync.v1"
  packages = ["."]
  revision = "98dabdf1c8574561bf976911c14ff652c47b1ddf"
  version = "v1.0.1"

[solve-meta]
  analyzer-name = "dep"
  analyzer-version = 1
  inputs-digest = "79d3241e280fec92f0653e13ce579aada30612ee451301a4bb49b25fe5f82c3d"
  solver-name = "gps-cdcl"
  solver-version = 1
